<?xml version="1.0" encoding="utf-8"?>
<Project ToolsVersion="4.0" xmlns="http://schemas.microsoft.com/developer/msbuild/2003">
  <ItemGroup>
    <Filter Include="Source Files">
      <UniqueIdentifier>{4FC737F1-C7A5-4376-A066-2A32D752A2FF}</UniqueIdentifier>
      <Extensions>cpp;c;cc;cxx;c++;cppm;ixx;def;odl;idl;hpj;bat;asm;asmx</Extensions>
    </Filter>
    <Filter Include="Header Files">
      <UniqueIdentifier>{93995380-89BD-4b04-88EB-625FBE52EBFB}</UniqueIdentifier>
      <Extensions>h;hh;hpp;hxx;h++;hm;inl;inc;ipp;xsd</Extensions>
    </Filter>
    <Filter Include="Resource Files">
      <UniqueIdentifier>{67DA6AB6-F800-4c08-8B7A-83BB121AAD01}</UniqueIdentifier>
      <Extensions>
        rc;ico;cur;bmp;dlg;rc2;rct;bin;rgs;gif;jpg;jpeg;jpe;resx;tiff;tif;png;wav;mfcribbon-ms</Extensions>
    </Filter>
    <Filter Include="Source Files\ECS">
      <UniqueIdentifier>{921aee27-f6be-4542-9324-74bda80dd35a}</UniqueIdentifier>
    </Filter>
    <Filter Include="Header Files\ECS">
      <UniqueIdentifier>{15692279-88e1-4ab2-a549-c09f82f82eb0}</UniqueIdentifier>
    </Filter>
  </ItemGroup>
  <ItemGroup>
    <ClCompile Include="UWU_Window.cpp">
      <Filter>Source Files</Filter>
    </ClCompile>
    <ClCompile Include="UWU_Debug.cpp">
      <Filter>Source Files</Filter>
    </ClCompile>
    <ClCompile Include="UWU_RectUtil.cpp">
      <Filter>Source Files</Filter>
    </ClCompile>
    <ClCompile Include="UWU_Entity.cpp">
      <Filter>Source Files\ECS</Filter>
    </ClCompile>
    <ClCompile Include="UWU_Transform.cpp">
      <Filter>Source Files\ECS</Filter>
    </ClCompile>
    <ClCompile Include="UWU_RectRenderer.cpp">
      <Filter>Source Files\ECS</Filter>
    </ClCompile>
    <ClCompile Include="UWU_GameManagerOld.cpp">
      <Filter>Source Files</Filter>
    </ClCompile>
    <ClCompile Include="UWU_SpriteRenderer.cpp">
      <Filter>Source Files\ECS</Filter>
    </ClCompile>
    <ClCompile Include="UWU_InputManager.cpp">
      <Filter>Source Files</Filter>
    </ClCompile>
    <ClCompile Include="UWU_PlayerController.cpp">
      <Filter>Source Files\ECS</Filter>
    </ClCompile>
    <ClCompile Include="UWU_WindowOwner.cpp">
      <Filter>Source Files\ECS</Filter>
    </ClCompile>
    <ClCompile Include="UWU_FollowMouse.cpp">
      <Filter>Source Files\ECS</Filter>
    </ClCompile>
    <ClCompile Include="UWU_Rigidbody.cpp">
      <Filter>Source Files\ECS</Filter>
    </ClCompile>
    <ClCompile Include="UWU_Physics.cpp">
      <Filter>Source Files</Filter>
    </ClCompile>
    <ClCompile Include="UWU_Math.cpp">
      <Filter>Source Files</Filter>
    </ClCompile>
    <ClCompile Include="UWU_TextureManager.cpp">
      <Filter>Source Files</Filter>
    </ClCompile>
    <ClCompile Include="UWU_SpriteAnimator.cpp">
      <Filter>Source Files\ECS</Filter>
    </ClCompile>
    <ClCompile Include="UWU_World.cpp">
      <Filter>Source Files</Filter>
    </ClCompile>
    <ClCompile Include="UWU_PlayerAnimator.cpp">
      <Filter>Source Files\ECS</Filter>
    </ClCompile>
    <ClCompile Include="UWU_HurtBody.cpp">
      <Filter>Source Files\ECS</Filter>
    </ClCompile>
    <ClCompile Include="UWU_Health.cpp">
      <Filter>Source Files\ECS</Filter>
    </ClCompile>
    <ClCompile Include="UWU_EnemyController.cpp">
      <Filter>Source Files</Filter>
    </ClCompile>
  </ItemGroup>
  <ItemGroup>
    <None Include="packages.config" />
  </ItemGroup>
  <ItemGroup>
    <ClInclude Include="UWU_Window.h">
      <Filter>Header Files</Filter>
    </ClInclude>
    <ClInclude Include="UWU_Debug.h">
      <Filter>Header Files</Filter>
    </ClInclude>
    <ClInclude Include="UWU_RectUtil.h">
      <Filter>Header Files</Filter>
    </ClInclude>
    <ClInclude Include="UWU_Transform.h">
      <Filter>Header Files\ECS</Filter>
    </ClInclude>
    <ClInclude Include="UWU_Entity.h">
      <Filter>Header Files\ECS</Filter>
    </ClInclude>
    <ClInclude Include="UWU_Component.h">
      <Filter>Header Files\ECS</Filter>
    </ClInclude>
    <ClInclude Include="UWU_ECS.h">
      <Filter>Header Files\ECS</Filter>
    </ClInclude>
    <ClInclude Include="UWU_RectRenderer.h">
      <Filter>Header Files\ECS</Filter>
    </ClInclude>
    <ClInclude Include="UWU_Math.h">
      <Filter>Header Files</Filter>
    </ClInclude>
    <ClInclude Include="UWU_Timer.hpp">
      <Filter>Header Files</Filter>
    </ClInclude>
    <ClInclude Include="UWU_SpriteRenderer.h">
      <Filter>Header Files\ECS</Filter>
    </ClInclude>
    <ClInclude Include="UWU_InputManager.h">
      <Filter>Header Files</Filter>
    </ClInclude>
    <ClInclude Include="UWU_PlayerController.h">
      <Filter>Header Files\ECS</Filter>
    </ClInclude>
    <ClInclude Include="UWU_WindowOwner.h">
      <Filter>Header Files\ECS</Filter>
    </ClInclude>
    <ClInclude Include="UWU_FollowMouse.h">
      <Filter>Header Files\ECS</Filter>
    </ClInclude>
    <ClInclude Include="UWU_Rigidbody.h">
      <Filter>Header Files\ECS</Filter>
    </ClInclude>
    <ClInclude Include="UWU_Physics.h">
      <Filter>Header Files</Filter>
    </ClInclude>
    <ClInclude Include="UWU_TextureManager.h">
      <Filter>Header Files</Filter>
    </ClInclude>
    <ClInclude Include="UWU_SpriteFrame.hpp">
      <Filter>Header Files</Filter>
    </ClInclude>
    <ClInclude Include="UWU_SpriteAnimator.h">
      <Filter>Header Files\ECS</Filter>
    </ClInclude>
    <ClInclude Include="UWU_SpriteAnimation.h">
      <Filter>Header Files</Filter>
    </ClInclude>
    <ClInclude Include="CustomJSONSerialisation.hpp">
      <Filter>Header Files</Filter>
    </ClInclude>
    <ClInclude Include="UWU_World.h">
      <Filter>Header Files</Filter>
    </ClInclude>
    <ClInclude Include="UWU_WindowManager.hpp">
      <Filter>Header Files</Filter>
    </ClInclude>
    <ClInclude Include="UWU_Tweening.hpp">
      <Filter>Header Files</Filter>
    </ClInclude>
    <ClInclude Include="UWU_PlayerAnimator.h">
      <Filter>Header Files\ECS</Filter>
    </ClInclude>
    <ClInclude Include="UWU_TextManager.hpp">
      <Filter>Header Files</Filter>
    </ClInclude>
    <ClInclude Include="UWU_HurtBody.h">
      <Filter>Header Files\ECS</Filter>
    </ClInclude>
    <ClInclude Include="UWU_Audio.hpp">
      <Filter>Header Files</Filter>
    </ClInclude>
    <ClInclude Include="UWU_Health.h">
      <Filter>Header Files\ECS</Filter>
    </ClInclude>
    <ClInclude Include="UWU_EnemyController.h">
      <Filter>Header Files\ECS</Filter>
    </ClInclude>
  </ItemGroup>
</Project>